<?xml version="1.0" encoding="UTF-8"?>
<Solution>
	<Configurations>
		<BuildType Name="Debug"/>
		<BuildType Name="Release"/>
		<BuildType Name="MinSizeRel"/>
		<BuildType Name="RelWithDebInfo"/>
		<Platform Name="x64"/>
	</Configurations>
	<Project Path="ALL_BUILD.vcxproj" Type="8bc9ceb8-8b4a-11d0-8d11-00a0c91bc942" Id="11463297-8290-3c62-a0d3-fbad83f623e3" DefaultStartup="true">
		<BuildDependency Project="../ZERO_CHECK.vcxproj"/>
		<BuildDependency Project="auto_drive.vcxproj"/>
		<BuildDependency Project="gen_telemetry.vcxproj"/>
		<BuildDependency Project="project0_gameplay_exe.vcxproj"/>
	</Project>
	<Project Path="INSTALL.vcxproj" Type="8bc9ceb8-8b4a-11d0-8d11-00a0c91bc942" Id="80d7830c-3b36-3527-8317-6bf1ca03c4ec">
		<BuildDependency Project="ALL_BUILD.vcxproj"/>
		<BuildDependency Project="../ZERO_CHECK.vcxproj"/>
		<Build Solution="Debug|*" Project="false"/>
		<Build Solution="Release|*" Project="false"/>
		<Build Solution="MinSizeRel|*" Project="false"/>
		<Build Solution="RelWithDebInfo|*" Project="false"/>
	</Project>
	<Project Path="RUN_TESTS.vcxproj" Type="8bc9ceb8-8b4a-11d0-8d11-00a0c91bc942" Id="59d2775f-cebd-31b4-a86a-89b4a75c0547">
		<BuildDependency Project="../ZERO_CHECK.vcxproj"/>
		<Build Solution="Debug|*" Project="false"/>
		<Build Solution="Release|*" Project="false"/>
		<Build Solution="MinSizeRel|*" Project="false"/>
		<Build Solution="RelWithDebInfo|*" Project="false"/>
	</Project>
	<Project Path="../ZERO_CHECK.vcxproj" Type="8bc9ceb8-8b4a-11d0-8d11-00a0c91bc942" Id="ac3ff058-2045-310b-93ef-f31b439071f5"/>
	<Project Path="auto_drive.vcxproj" Type="8bc9ceb8-8b4a-11d0-8d11-00a0c91bc942" Id="61cf9e49-dc26-33bd-be7d-9c05b236e032">
		<BuildDependency Project="../ZERO_CHECK.vcxproj"/>
		<BuildDependency Project="../engine/project0_engine.vcxproj"/>
	</Project>
	<Project Path="gen_telemetry.vcxproj" Type="8bc9ceb8-8b4a-11d0-8d11-00a0c91bc942" Id="8ebbd881-605e-3537-9c31-64c5a3a794c1">
		<BuildDependency Project="../ZERO_CHECK.vcxproj"/>
		<BuildDependency Project="../engine/project0_engine.vcxproj"/>
	</Project>
	<Project Path="../engine/project0_engine.vcxproj" Type="8bc9ceb8-8b4a-11d0-8d11-00a0c91bc942" Id="b0e37937-9ddc-3dbf-b39e-c52c22b29b18">
		<BuildDependency Project="../ZERO_CHECK.vcxproj"/>
	</Project>
	<Project Path="project0_gameplay_exe.vcxproj" Type="8bc9ceb8-8b4a-11d0-8d11-00a0c91bc942" Id="0a8323c9-22d1-34b6-a710-14b7e7d1d7ad">
		<BuildDependency Project="../ZERO_CHECK.vcxproj"/>
		<BuildDependency Project="../engine/project0_engine.vcxproj"/>
	</Project>
</Solution>
