<?xml version="1.0" encoding="UTF-8"?>
<Solution>
	<Configurations>
		<BuildType Name="Debug"/>
		<BuildType Name="Release"/>
		<BuildType Name="MinSizeRel"/>
		<BuildType Name="RelWithDebInfo"/>
		<Platform Name="x64"/>
	</Configurations>
	<Project Path="ALL_BUILD.vcxproj" Type="8bc9ceb8-8b4a-11d0-8d11-00a0c91bc942" Id="11463297-8290-3c62-a0d3-fbad83f623e3" DefaultStartup="true">
		<BuildDependency Project="ZERO_CHECK.vcxproj"/>
		<BuildDependency Project="vendor/googletest/googlemock/gmock.vcxproj"/>
		<BuildDependency Project="vendor/googletest/googlemock/gmock_main.vcxproj"/>
		<BuildDependency Project="vendor/googletest/googletest/gtest.vcxproj"/>
		<BuildDependency Project="vendor/googletest/googletest/gtest_main.vcxproj"/>
		<BuildDependency Project="engine/project0_engine.vcxproj"/>
		<BuildDependency Project="tests/project0_tests.vcxproj"/>
		<BuildDependency Project="engine/sim_plugin.vcxproj"/>
	</Project>
	<Project Path="INSTALL.vcxproj" Type="8bc9ceb8-8b4a-11d0-8d11-00a0c91bc942" Id="80d7830c-3b36-3527-8317-6bf1ca03c4ec">
		<BuildDependency Project="ALL_BUILD.vcxproj"/>
		<BuildDependency Project="ZERO_CHECK.vcxproj"/>
		<Build Solution="Debug|*" Project="false"/>
		<Build Solution="Release|*" Project="false"/>
		<Build Solution="MinSizeRel|*" Project="false"/>
		<Build Solution="RelWithDebInfo|*" Project="false"/>
	</Project>
	<Project Path="RUN_TESTS.vcxproj" Type="8bc9ceb8-8b4a-11d0-8d11-00a0c91bc942" Id="59d2775f-cebd-31b4-a86a-89b4a75c0547">
		<BuildDependency Project="ZERO_CHECK.vcxproj"/>
		<Build Solution="Debug|*" Project="false"/>
		<Build Solution="Release|*" Project="false"/>
		<Build Solution="MinSizeRel|*" Project="false"/>
		<Build Solution="RelWithDebInfo|*" Project="false"/>
	</Project>
	<Project Path="ZERO_CHECK.vcxproj" Type="8bc9ceb8-8b4a-11d0-8d11-00a0c91bc942" Id="ac3ff058-2045-310b-93ef-f31b439071f5"/>
	<Project Path="vendor/googletest/googlemock/gmock.vcxproj" Type="8bc9ceb8-8b4a-11d0-8d11-00a0c91bc942" Id="645520b4-3e12-3a2c-9424-9be81df5eb11">
		<BuildDependency Project="ZERO_CHECK.vcxproj"/>
	</Project>
	<Project Path="vendor/googletest/googlemock/gmock_main.vcxproj" Type="8bc9ceb8-8b4a-11d0-8d11-00a0c91bc942" Id="ca993ae0-3545-3f66-92ea-646218c19f56">
		<BuildDependency Project="ZERO_CHECK.vcxproj"/>
	</Project>
	<Project Path="vendor/googletest/googletest/gtest.vcxproj" Type="8bc9ceb8-8b4a-11d0-8d11-00a0c91bc942" Id="ffec5d09-a54c-338c-8747-d5040a7cab09">
		<BuildDependency Project="ZERO_CHECK.vcxproj"/>
	</Project>
	<Project Path="vendor/googletest/googletest/gtest_main.vcxproj" Type="8bc9ceb8-8b4a-11d0-8d11-00a0c91bc942" Id="da57cbb6-9069-3ecf-bc38-1de8776561b0">
		<BuildDependency Project="ZERO_CHECK.vcxproj"/>
		<BuildDependency Project="vendor/googletest/googletest/gtest.vcxproj"/>
	</Project>
	<Project Path="engine/project0_engine.vcxproj" Type="8bc9ceb8-8b4a-11d0-8d11-00a0c91bc942" Id="b0e37937-9ddc-3dbf-b39e-c52c22b29b18">
		<BuildDependency Project="ZERO_CHECK.vcxproj"/>
	</Project>
	<Project Path="tests/project0_tests.vcxproj" Type="8bc9ceb8-8b4a-11d0-8d11-00a0c91bc942" Id="81b9a371-2bda-3e8b-941b-ba2e8ed99901">
		<BuildDependency Project="ZERO_CHECK.vcxproj"/>
		<BuildDependency Project="vendor/googletest/googletest/gtest.vcxproj"/>
		<BuildDependency Project="vendor/googletest/googletest/gtest_main.vcxproj"/>
		<BuildDependency Project="engine/project0_engine.vcxproj"/>
	</Project>
	<Project Path="engine/sim_plugin.vcxproj" Type="8bc9ceb8-8b4a-11d0-8d11-00a0c91bc942" Id="1fed4646-b14d-3fc5-a513-9e674d3d5f32">
		<BuildDependency Project="ZERO_CHECK.vcxproj"/>
		<BuildDependency Project="engine/project0_engine.vcxproj"/>
	</Project>
</Solution>
